
Microsoft Visual Studio Solution File, Format Version 12.00
# Visual Studio 15
VisualStudioVersion = 15.0.27703.2035
MinimumVisualStudioVersion = 10.0.40219.1
Project("{FAE04EC0-301F-11D3-BF4B-00C04F79EFBC}") = "dockcity", "dockcity\dockcity.csproj", "{CED43C92-ABBA-4A3B-B66E-CE0FB61ACB49}"
EndProject
Project("{E53339B2-1760-4266-BCC7-CA923CBCF16C}") = "docker-compose", "docker-compose.dcproj", "{0DAB588A-E032-40AA-B6A9-4545A37D21FA}"
EndProject
Global
	GlobalSection(SolutionConfigurationPlatforms) = preSolution
		Debug|Any CPU = Debug|Any CPU
		Release|Any CPU = Release|Any CPU
	EndGlobalSection
	GlobalSection(ProjectConfigurationPlatforms) = postSolution
		{CED43C92-ABBA-4A3B-B66E-CE0FB61ACB49}.Debug|Any CPU.ActiveCfg = Debug|Any CPU
		{CED43C92-ABBA-4A3B-B66E-CE0FB61ACB49}.Debug|Any CPU.Build.0 = Debug|Any CPU
		{CED43C92-ABBA-4A3B-B66E-CE0FB61ACB49}.Release|Any CPU.ActiveCfg = Release|Any CPU
		{CED43C92-ABBA-4A3B-B66E-CE0FB61ACB49}.Release|Any CPU.Build.0 = Release|Any CPU
		{0DAB588A-E032-40AA-B6A9-4545A37D21FA}.Debug|Any CPU.ActiveCfg = Debug|Any CPU
		{0DAB588A-E032-40AA-B6A9-4545A37D21FA}.Debug|Any CPU.Build.0 = Debug|Any CPU
		{0DAB588A-E032-40AA-B6A9-4545A37D21FA}.Release|Any CPU.ActiveCfg = Release|Any CPU
		{0DAB588A-E032-40AA-B6A9-4545A37D21FA}.Release|Any CPU.Build.0 = Release|Any CPU
	EndGlobalSection
	GlobalSection(SolutionProperties) = preSolution
		HideSolutionNode = FALSE
	EndGlobalSection
	GlobalSection(ExtensibilityGlobals) = postSolution
		SolutionGuid = {C6F05E8B-3AE5-46EB-A109-D75B951BC92D}
	EndGlobalSection
EndGlobal
